
Microsoft Visual Studio Solution File, Format Version 12.00
# Visual Studio Version 17
VisualStudioVersion = 17.3.32922.545
MinimumVisualStudioVersion = 10.0.40219.1
Project("{FAE04EC0-301F-11D3-BF4B-00C04F79EFBC}") = "PolymorphismСircle", "PolymorphismСircle\PolymorphismСircle.csproj", "{961B4EA8-7B72-47CC-AD83-B70EF46BD21D}"
EndProject
Global
	GlobalSection(SolutionConfigurationPlatforms) = preSolution
		Debug|Any CPU = Debug|Any CPU
		Release|Any CPU = Release|Any CPU
	EndGlobalSection
	GlobalSection(ProjectConfigurationPlatforms) = postSolution
		{961B4EA8-7B72-47CC-AD83-B70EF46BD21D}.Debug|Any CPU.ActiveCfg = Debug|Any CPU
		{961B4EA8-7B72-47CC-AD83-B70EF46BD21D}.Debug|Any CPU.Build.0 = Debug|Any CPU
		{961B4EA8-7B72-47CC-AD83-B70EF46BD21D}.Release|Any CPU.ActiveCfg = Release|Any CPU
		{961B4EA8-7B72-47CC-AD83-B70EF46BD21D}.Release|Any CPU.Build.0 = Release|Any CPU
	EndGlobalSection
	GlobalSection(SolutionProperties) = preSolution
		HideSolutionNode = FALSE
	EndGlobalSection
	GlobalSection(ExtensibilityGlobals) = postSolution
		SolutionGuid = {8B248E77-3AD1-4049-8867-9C86B82DD8E3}
	EndGlobalSection
EndGlobal
